
Microsoft Visual Studio Solution File, Format Version 12.00
# Visual Studio Version 17
VisualStudioVersion = 17.7.34003.232
MinimumVisualStudioVersion = 10.0.40219.1
Project("{FAE04EC0-301F-11D3-BF4B-00C04F79EFBC}") = "ReportLibrary", "ReportLibrary\ReportLibrary.csproj", "{07A8B7BB-2E72-452B-AFAB-927D3C0A56E8}"
EndProject
Global
	GlobalSection(SolutionConfigurationPlatforms) = preSolution
		Debug|Any CPU = Debug|Any CPU
		Release|Any CPU = Release|Any CPU
	EndGlobalSection
	GlobalSection(ProjectConfigurationPlatforms) = postSolution
		{07A8B7BB-2E72-452B-AFAB-927D3C0A56E8}.Debug|Any CPU.ActiveCfg = Debug|Any CPU
		{07A8B7BB-2E72-452B-AFAB-927D3C0A56E8}.Debug|Any CPU.Build.0 = Debug|Any CPU
		{07A8B7BB-2E72-452B-AFAB-927D3C0A56E8}.Release|Any CPU.ActiveCfg = Release|Any CPU
		{07A8B7BB-2E72-452B-AFAB-927D3C0A56E8}.Release|Any CPU.Build.0 = Release|Any CPU
	EndGlobalSection
	GlobalSection(SolutionProperties) = preSolution
		HideSolutionNode = FALSE
	EndGlobalSection
	GlobalSection(ExtensibilityGlobals) = postSolution
		SolutionGuid = {42355536-5A5B-4BAE-B1BE-EA90EF3E86AA}
	EndGlobalSection
EndGlobal
